
Microsoft Visual Studio Solution File, Format Version 12.00
# Visual Studio Version 17
VisualStudioVersion = 17.3.32901.215
MinimumVisualStudioVersion = 10.0.40219.1
Project("{FAE04EC0-301F-11D3-BF4B-00C04F79EFBC}") = "Enum", "Enum\Enum.csproj", "{10AA8F0A-43C3-4AE8-A4F9-FA20960C191E}"
EndProject
Global
	GlobalSection(SolutionConfigurationPlatforms) = preSolution
		Debug|Any CPU = Debug|Any CPU
		Release|Any CPU = Release|Any CPU
	EndGlobalSection
	GlobalSection(ProjectConfigurationPlatforms) = postSolution
		{10AA8F0A-43C3-4AE8-A4F9-FA20960C191E}.Debug|Any CPU.ActiveCfg = Debug|Any CPU
		{10AA8F0A-43C3-4AE8-A4F9-FA20960C191E}.Debug|Any CPU.Build.0 = Debug|Any CPU
		{10AA8F0A-43C3-4AE8-A4F9-FA20960C191E}.Release|Any CPU.ActiveCfg = Release|Any CPU
		{10AA8F0A-43C3-4AE8-A4F9-FA20960C191E}.Release|Any CPU.Build.0 = Release|Any CPU
	EndGlobalSection
	GlobalSection(SolutionProperties) = preSolution
		HideSolutionNode = FALSE
	EndGlobalSection
	GlobalSection(ExtensibilityGlobals) = postSolution
		SolutionGuid = {28BA6417-EF9A-4239-9E24-3293AEC816FA}
	EndGlobalSection
EndGlobal
